
Microsoft Visual Studio Solution File, Format Version 12.00
# Visual Studio Version 17
VisualStudioVersion = 17.8.34511.84
MinimumVisualStudioVersion = 10.0.40219.1
Project("{9A19103F-16F7-4668-BE54-9A1E7A4F7556}") = "WhatTheHealth.API", "WhatTheHealth\WhatTheHealth.API.csproj", "{D6B87E14-03B9-4138-9F0D-D782A782BA0B}"
EndProject
Global
	GlobalSection(SolutionConfigurationPlatforms) = preSolution
		Debug|Any CPU = Debug|Any CPU
		Release|Any CPU = Release|Any CPU
	EndGlobalSection
	GlobalSection(ProjectConfigurationPlatforms) = postSolution
		{D6B87E14-03B9-4138-9F0D-D782A782BA0B}.Debug|Any CPU.ActiveCfg = Debug|Any CPU
		{D6B87E14-03B9-4138-9F0D-D782A782BA0B}.Debug|Any CPU.Build.0 = Debug|Any CPU
		{D6B87E14-03B9-4138-9F0D-D782A782BA0B}.Release|Any CPU.ActiveCfg = Release|Any CPU
		{D6B87E14-03B9-4138-9F0D-D782A782BA0B}.Release|Any CPU.Build.0 = Release|Any CPU
	EndGlobalSection
	GlobalSection(SolutionProperties) = preSolution
		HideSolutionNode = FALSE
	EndGlobalSection
	GlobalSection(ExtensibilityGlobals) = postSolution
		SolutionGuid = {A611CFC6-9D28-41F5-BB04-FEEA1648A090}
	EndGlobalSection
EndGlobal
